// !$*UTF8*$!
{
	archiveVersion = 1;
	classes = {
	};
	objectVersion = 56;
	objects = {

/* Begin PBXBuildFile section */
		8BDEF7B72B31259D00843655 /* AppDelegate.swift in Sources */ = {isa = PBXBuildFile; fileRef = 8BDEF7B62B31259D00843655 /* AppDelegate.swift */; };
		8BDEF7B92B31259D00843655 /* SceneDelegate.swift in Sources */ = {isa = PBXBuildFile; fileRef = 8BDEF7B82B31259D00843655 /* SceneDelegate.swift */; };
		8BDEF7BB2B31259D00843655 /* ViewController.swift in Sources */ = {isa = PBXBuildFile; fileRef = 8BDEF7BA2B31259D00843655 /* ViewController.swift */; };
		8BDEF7BE2B31259D00843655 /* Main.storyboard in Resources */ = {isa = PBXBuildFile; fileRef = 8BDEF7BC2B31259D00843655 /* Main.storyboard */; };
		8BDEF7C02B31259E00843655 /* Assets.xcassets in Resources */ = {isa = PBXBuildFile; fileRef = 8BDEF7BF2B31259E00843655 /* Assets.xcassets */; };
		8BDEF7C32B31259E00843655 /* LaunchScreen.storyboard in Resources */ = {isa = PBXBuildFile; fileRef = 8BDEF7C12B31259E00843655 /* LaunchScreen.storyboard */; };
		8BDEF7CE2B31259E00843655 /* SeSAC_SwiftConcurrencyTests.swift in Sources */ = {isa = PBXBuildFile; fileRef = 8BDEF7CD2B31259E00843655 /* SeSAC_SwiftConcurrencyTests.swift */; };
		8BDEF7D82B31259E00843655 /* SeSAC_SwiftConcurrencyUITests.swift in Sources */ = {isa = PBXBuildFile; fileRef = 8BDEF7D72B31259E00843655 /* SeSAC_SwiftConcurrencyUITests.swift */; };
		8BDEF7DA2B31259E00843655 /* SeSAC_SwiftConcurrencyUITestsLaunchTests.swift in Sources */ = {isa = PBXBuildFile; fileRef = 8BDEF7D92B31259E00843655 /* SeSAC_SwiftConcurrencyUITestsLaunchTests.swift */; };
/* End PBXBuildFile section */

/* Begin PBXContainerItemProxy section */
		8BDEF7CA2B31259E00843655 /* PBXContainerItemProxy */ = {
			isa = PBXContainerItemProxy;
			containerPortal = 8BDEF7AB2B31259D00843655 /* Project object */;
			proxyType = 1;
			remoteGlobalIDString = 8BDEF7B22B31259D00843655;
			remoteInfo = SeSAC_SwiftConcurrency;
		};
		8BDEF7D42B31259E00843655 /* PBXContainerItemProxy */ = {
			isa = PBXContainerItemProxy;
			containerPortal = 8BDEF7AB2B31259D00843655 /* Project object */;
			proxyType = 1;
			remoteGlobalIDString = 8BDEF7B22B31259D00843655;
			remoteInfo = SeSAC_SwiftConcurrency;
		};
/* End PBXContainerItemProxy section */

/* Begin PBXFileReference section */
		8BDEF7B32B31259D00843655 /* SeSAC_SwiftConcurrency.app */ = {isa = PBXFileReference; explicitFileType = wrapper.application; includeInIndex = 0; path = SeSAC_SwiftConcurrency.app; sourceTree = BUILT_PRODUCTS_DIR; };
		8BDEF7B62B31259D00843655 /* AppDelegate.swift */ = {isa = PBXFileReference; lastKnownFileType = sourcecode.swift; path = AppDelegate.swift; sourceTree = "<group>"; };
		8BDEF7B82B31259D00843655 /* SceneDelegate.swift */ = {isa = PBXFileReference; lastKnownFileType = sourcecode.swift; path = SceneDelegate.swift; sourceTree = "<group>"; };
		8BDEF7BA2B31259D00843655 /* ViewController.swift */ = {isa = PBXFileReference; lastKnownFileType = sourcecode.swift; path = ViewController.swift; sourceTree = "<group>"; };
		8BDEF7BD2B31259D00843655 /* Base */ = {isa = PBXFileReference; lastKnownFileType = file.storyboard; name = Base; path = Base.lproj/Main.storyboard; sourceTree = "<group>"; };
		8BDEF7BF2B31259E00843655 /* Assets.xcassets */ = {isa = PBXFileReference; lastKnownFileType = folder.assetcatalog; path = Assets.xcassets; sourceTree = "<group>"; };
		8BDEF7C22B31259E00843655 /* Base */ = {isa = PBXFileReference; lastKnownFileType = file.storyboard; name = Base; path = Base.lproj/LaunchScreen.storyboard; sourceTree = "<group>"; };
		8BDEF7C42B31259E00843655 /* Info.plist */ = {isa = PBXFileReference; lastKnownFileType = text.plist.xml; path = Info.plist; sourceTree = "<group>"; };
		8BDEF7C92B31259E00843655 /* SeSAC_SwiftConcurrencyTests.xctest */ = {isa = PBXFileReference; explicitFileType = wrapper.cfbundle; includeInIndex = 0; path = SeSAC_SwiftConcurrencyTests.xctest; sourceTree = BUILT_PRODUCTS_DIR; };
		8BDEF7CD2B31259E00843655 /* SeSAC_SwiftConcurrencyTests.swift */ = {isa = PBXFileReference; lastKnownFileType = sourcecode.swift; path = SeSAC_SwiftConcurrencyTests.swift; sourceTree = "<group>"; };
		8BDEF7D32B31259E00843655 /* SeSAC_SwiftConcurrencyUITests.xctest */ = {isa = PBXFileReference; explicitFileType = wrapper.cfbundle; includeInIndex = 0; path = SeSAC_SwiftConcurrencyUITests.xctest; sourceTree = BUILT_PRODUCTS_DIR; };
		8BDEF7D72B31259E00843655 /* SeSAC_SwiftConcurrencyUITests.swift */ = {isa = PBXFileReference; lastKnownFileType = sourcecode.swift; path = SeSAC_SwiftConcurrencyUITests.swift; sourceTree = "<group>"; };
		8BDEF7D92B31259E00843655 /* SeSAC_SwiftConcurrencyUITestsLaunchTests.swift */ = {isa = PBXFileReference; lastKnownFileType = sourcecode.swift; path = SeSAC_SwiftConcurrencyUITestsLaunchTests.swift; sourceTree = "<group>"; };
/* End PBXFileReference section */

/* Begin PBXFrameworksBuildPhase section */
		8BDEF7B02B31259D00843655 /* Frameworks */ = {
			isa = PBXFrameworksBuildPhase;
			buildActionMask = 2147483647;
			files = (
			);
			runOnlyForDeploymentPostprocessing = 0;
		};
		8BDEF7C62B31259E00843655 /* Frameworks */ = {
			isa = PBXFrameworksBuildPhase;
			buildActionMask = 2147483647;
			files = (
			);
			runOnlyForDeploymentPostprocessing = 0;
		};
		8BDEF7D02B31259E00843655 /* Frameworks */ = {
			isa = PBXFrameworksBuildPhase;
			buildActionMask = 2147483647;
			files = (
			);
			runOnlyForDeploymentPostprocessing = 0;
		};
/* End PBXFrameworksBuildPhase section */

/* Begin PBXGroup section */
		8BDEF7AA2B31259D00843655 = {
			isa = PBXGroup;
			children = (
				8BDEF7B52B31259D00843655 /* SeSAC_SwiftConcurrency */,
				8BDEF7CC2B31259E00843655 /* SeSAC_SwiftConcurrencyTests */,
				8BDEF7D62B31259E00843655 /* SeSAC_SwiftConcurrencyUITests */,
				8BDEF7B42B31259D00843655 /* Products */,
			);
			sourceTree = "<group>";
		};
		8BDEF7B42B31259D00843655 /* Products */ = {
			isa = PBXGroup;
			children = (
				8BDEF7B32B31259D00843655 /* SeSAC_SwiftConcurrency.app */,
				8BDEF7C92B31259E00843655 /* SeSAC_SwiftConcurrencyTests.xctest */,
				8BDEF7D32B31259E00843655 /* SeSAC_SwiftConcurrencyUITests.xctest */,
			);
			name = Products;
			sourceTree = "<group>";
		};
		8BDEF7B52B31259D00843655 /* SeSAC_SwiftConcurrency */ = {
			isa = PBXGroup;
			children = (
				8BDEF7B62B31259D00843655 /* AppDelegate.swift */,
				8BDEF7B82B31259D00843655 /* SceneDelegate.swift */,
				8BDEF7BA2B31259D00843655 /* ViewController.swift */,
				8BDEF7BC2B31259D00843655 /* Main.storyboard */,
				8BDEF7BF2B31259E00843655 /* Assets.xcassets */,
				8BDEF7C12B31259E00843655 /* LaunchScreen.storyboard */,
				8BDEF7C42B31259E00843655 /* Info.plist */,
			);
			path = SeSAC_SwiftConcurrency;
			sourceTree = "<group>";
		};
		8BDEF7CC2B31259E00843655 /* SeSAC_SwiftConcurrencyTests */ = {
			isa = PBXGroup;
			children = (
				8BDEF7CD2B31259E00843655 /* SeSAC_SwiftConcurrencyTests.swift */,
			);
			path = SeSAC_SwiftConcurrencyTests;
			sourceTree = "<group>";
		};
		8BDEF7D62B31259E00843655 /* SeSAC_SwiftConcurrencyUITests */ = {
			isa = PBXGroup;
			children = (
				8BDEF7D72B31259E00843655 /* SeSAC_SwiftConcurrencyUITests.swift */,
				8BDEF7D92B31259E00843655 /* SeSAC_SwiftConcurrencyUITestsLaunchTests.swift */,
			);
			path = SeSAC_SwiftConcurrencyUITests;
			sourceTree = "<group>";
		};
/* End PBXGroup section */

/* Begin PBXNativeTarget section */
		8BDEF7B22B31259D00843655 /* SeSAC_SwiftConcurrency */ = {
			isa = PBXNativeTarget;
			buildConfigurationList = 8BDEF7DD2B31259E00843655 /* Build configuration list for PBXNativeTarget "SeSAC_SwiftConcurrency" */;
			buildPhases = (
				8BDEF7AF2B31259D00843655 /* Sources */,
				8BDEF7B02B31259D00843655 /* Frameworks */,
				8BDEF7B12B31259D00843655 /* Resources */,
			);
			buildRules = (
			);
			dependencies = (
			);
			name = SeSAC_SwiftConcurrency;
			productName = SeSAC_SwiftConcurrency;
			productReference = 8BDEF7B32B31259D00843655 /* SeSAC_SwiftConcurrency.app */;
			productType = "com.apple.product-type.application";
		};
		8BDEF7C82B31259E00843655 /* SeSAC_SwiftConcurrencyTests */ = {
			isa = PBXNativeTarget;
			buildConfigurationList = 8BDEF7E02B31259E00843655 /* Build configuration list for PBXNativeTarget "SeSAC_SwiftConcurrencyTests" */;
			buildPhases = (
				8BDEF7C52B31259E00843655 /* Sources */,
				8BDEF7C62B31259E00843655 /* Frameworks */,
				8BDEF7C72B31259E00843655 /* Resources */,
			);
			buildRules = (
			);
			dependencies = (
				8BDEF7CB2B31259E00843655 /* PBXTargetDependency */,
			);
			name = SeSAC_SwiftConcurrencyTests;
			productName = SeSAC_SwiftConcurrencyTests;
			productReference = 8BDEF7C92B31259E00843655 /* SeSAC_SwiftConcurrencyTests.xctest */;
			productType = "com.apple.product-type.bundle.unit-test";
		};
		8BDEF7D22B31259E00843655 /* SeSAC_SwiftConcurrencyUITests */ = {
			isa = PBXNativeTarget;
			buildConfigurationList = 8BDEF7E32B31259E00843655 /* Build configuration list for PBXNativeTarget "SeSAC_SwiftConcurrencyUITests" */;
			buildPhases = (
				8BDEF7CF2B31259E00843655 /* Sources */,
				8BDEF7D02B31259E00843655 /* Frameworks */,
				8BDEF7D12B31259E00843655 /* Resources */,
			);
			buildRules = (
			);
			dependencies = (
				8BDEF7D52B31259E00843655 /* PBXTargetDependency */,
			);
			name = SeSAC_SwiftConcurrencyUITests;
			productName = SeSAC_SwiftConcurrencyUITests;
			productReference = 8BDEF7D32B31259E00843655 /* SeSAC_SwiftConcurrencyUITests.xctest */;
			productType = "com.apple.product-type.bundle.ui-testing";
		};
/* End PBXNativeTarget section */

/* Begin PBXProject section */
		8BDEF7AB2B31259D00843655 /* Project object */ = {
			isa = PBXProject;
			attributes = {
				BuildIndependentTargetsInParallel = 1;
				LastSwiftUpdateCheck = 1500;
				LastUpgradeCheck = 1500;
				TargetAttributes = {
					8BDEF7B22B31259D00843655 = {
						CreatedOnToolsVersion = 15.0.1;
					};
					8BDEF7C82B31259E00843655 = {
						CreatedOnToolsVersion = 15.0.1;
						TestTargetID = 8BDEF7B22B31259D00843655;
					};
					8BDEF7D22B31259E00843655 = {
						CreatedOnToolsVersion = 15.0.1;
						TestTargetID = 8BDEF7B22B31259D00843655;
					};
				};
			};
			buildConfigurationList = 8BDEF7AE2B31259D00843655 /* Build configuration list for PBXProject "SeSAC_SwiftConcurrency" */;
			compatibilityVersion = "Xcode 14.0";
			developmentRegion = en;
			hasScannedForEncodings = 0;
			knownRegions = (
				en,
				Base,
			);
			mainGroup = 8BDEF7AA2B31259D00843655;
			productRefGroup = 8BDEF7B42B31259D00843655 /* Products */;
			projectDirPath = "";
			projectRoot = "";
			targets = (
				8BDEF7B22B31259D00843655 /* SeSAC_SwiftConcurrency */,
				8BDEF7C82B31259E00843655 /* SeSAC_SwiftConcurrencyTests */,
				8BDEF7D22B31259E00843655 /* SeSAC_SwiftConcurrencyUITests */,
			);
		};
/* End PBXProject section */

/* Begin PBXResourcesBuildPhase section */
		8BDEF7B12B31259D00843655 /* Resources */ = {
			isa = PBXResourcesBuildPhase;
			buildActionMask = 2147483647;
			files = (
				8BDEF7C32B31259E00843655 /* LaunchScreen.storyboard in Resources */,
				8BDEF7C02B31259E00843655 /* Assets.xcassets in Resources */,
				8BDEF7BE2B31259D00843655 /* Main.storyboard in Resources */,
			);
			runOnlyForDeploymentPostprocessing = 0;
		};
		8BDEF7C72B31259E00843655 /* Resources */ = {
			isa = PBXResourcesBuildPhase;
			buildActionMask = 2147483647;
			files = (
			);
			runOnlyForDeploymentPostprocessing = 0;
		};
		8BDEF7D12B31259E00843655 /* Resources */ = {
			isa = PBXResourcesBuildPhase;
			buildActionMask = 2147483647;
			files = (
			);
			runOnlyForDeploymentPostprocessing = 0;
		};
/* End PBXResourcesBuildPhase section */

/* Begin PBXSourcesBuildPhase section */
		8BDEF7AF2B31259D00843655 /* Sources */ = {
			isa = PBXSourcesBuildPhase;
			buildActionMask = 2147483647;
			files = (
				8BDEF7BB2B31259D00843655 /* ViewController.swift in Sources */,
				8BDEF7B72B31259D00843655 /* AppDelegate.swift in Sources */,
				8BDEF7B92B31259D00843655 /* SceneDelegate.swift in Sources */,
			);
			runOnlyForDeploymentPostprocessing = 0;
		};
		8BDEF7C52B31259E00843655 /* Sources */ = {
			isa = PBXSourcesBuildPhase;
			buildActionMask = 2147483647;
			files = (
				8BDEF7CE2B31259E00843655 /* SeSAC_SwiftConcurrencyTests.swift in Sources */,
			);
			runOnlyForDeploymentPostprocessing = 0;
		};
		8BDEF7CF2B31259E00843655 /* Sources */ = {
			isa = PBXSourcesBuildPhase;
			buildActionMask = 2147483647;
			files = (
				8BDEF7DA2B31259E00843655 /* SeSAC_SwiftConcurrencyUITestsLaunchTests.swift in Sources */,
				8BDEF7D82B31259E00843655 /* SeSAC_SwiftConcurrencyUITests.swift in Sources */,
			);
			runOnlyForDeploymentPostprocessing = 0;
		};
/* End PBXSourcesBuildPhase section */

/* Begin PBXTargetDependency section */
		8BDEF7CB2B31259E00843655 /* PBXTargetDependency */ = {
			isa = PBXTargetDependency;
			target = 8BDEF7B22B31259D00843655 /* SeSAC_SwiftConcurrency */;
			targetProxy = 8BDEF7CA2B31259E00843655 /* PBXContainerItemProxy */;
		};
		8BDEF7D52B31259E00843655 /* PBXTargetDependency */ = {
			isa = PBXTargetDependency;
			target = 8BDEF7B22B31259D00843655 /* SeSAC_SwiftConcurrency */;
			targetProxy = 8BDEF7D42B31259E00843655 /* PBXContainerItemProxy */;
		};
/* End PBXTargetDependency section */

/* Begin PBXVariantGroup section */
		8BDEF7BC2B31259D00843655 /* Main.storyboard */ = {
			isa = PBXVariantGroup;
			children = (
				8BDEF7BD2B31259D00843655 /* Base */,
			);
			name = Main.storyboard;
			sourceTree = "<group>";
		};
		8BDEF7C12B31259E00843655 /* LaunchScreen.storyboard */ = {
			isa = PBXVariantGroup;
			children = (
				8BDEF7C22B31259E00843655 /* Base */,
			);
			name = LaunchScreen.storyboard;
			sourceTree = "<group>";
		};
/* End PBXVariantGroup section */

/* Begin XCBuildConfiguration section */
		8BDEF7DB2B31259E00843655 /* Debug */ = {
			isa = XCBuildConfiguration;
			buildSettings = {
				ALWAYS_SEARCH_USER_PATHS = NO;
				ASSETCATALOG_COMPILER_GENERATE_SWIFT_ASSET_SYMBOL_EXTENSIONS = YES;
				CLANG_ANALYZER_NONNULL = YES;
				CLANG_ANALYZER_NUMBER_OBJECT_CONVERSION = YES_AGGRESSIVE;
				CLANG_CXX_LANGUAGE_STANDARD = "gnu++20";
				CLANG_ENABLE_MODULES = YES;
				CLANG_ENABLE_OBJC_ARC = YES;
				CLANG_ENABLE_OBJC_WEAK = YES;
				CLANG_WARN_BLOCK_CAPTURE_AUTORELEASING = YES;
				CLANG_WARN_BOOL_CONVERSION = YES;
				CLANG_WARN_COMMA = YES;
				CLANG_WARN_CONSTANT_CONVERSION = YES;
				CLANG_WARN_DEPRECATED_OBJC_IMPLEMENTATIONS = YES;
				CLANG_WARN_DIRECT_OBJC_ISA_USAGE = YES_ERROR;
				CLANG_WARN_DOCUMENTATION_COMMENTS = YES;
				CLANG_WARN_EMPTY_BODY = YES;
				CLANG_WARN_ENUM_CONVERSION = YES;
				CLANG_WARN_INFINITE_RECURSION = YES;
				CLANG_WARN_INT_CONVERSION = YES;
				CLANG_WARN_NON_LITERAL_NULL_CONVERSION = YES;
				CLANG_WARN_OBJC_IMPLICIT_RETAIN_SELF = YES;
				CLANG_WARN_OBJC_LITERAL_CONVERSION = YES;
				CLANG_WARN_OBJC_ROOT_CLASS = YES_ERROR;
				CLANG_WARN_QUOTED_INCLUDE_IN_FRAMEWORK_HEADER = YES;
				CLANG_WARN_RANGE_LOOP_ANALYSIS = YES;
				CLANG_WARN_STRICT_PROTOTYPES = YES;
				CLANG_WARN_SUSPICIOUS_MOVE = YES;
				CLANG_WARN_UNGUARDED_AVAILABILITY = YES_AGGRESSIVE;
				CLANG_WARN_UNREACHABLE_CODE = YES;
				CLANG_WARN__DUPLICATE_METHOD_MATCH = YES;
				COPY_PHASE_STRIP = NO;
				DEBUG_INFORMATION_FORMAT = dwarf;
				ENABLE_STRICT_OBJC_MSGSEND = YES;
				ENABLE_TESTABILITY = YES;
				ENABLE_USER_SCRIPT_SANDBOXING = YES;
				GCC_C_LANGUAGE_STANDARD = gnu17;
				GCC_DYNAMIC_NO_PIC = NO;
				GCC_NO_COMMON_BLOCKS = YES;
				GCC_OPTIMIZATION_LEVEL = 0;
				GCC_PREPROCESSOR_DEFINITIONS = (
					"DEBUG=1",
					"$(inherited)",
				);
				GCC_WARN_64_TO_32_BIT_CONVERSION = YES;
				GCC_WARN_ABOUT_RETURN_TYPE = YES_ERROR;
				GCC_WARN_UNDECLARED_SELECTOR = YES;
				GCC_WARN_UNINITIALIZED_AUTOS = YES_AGGRESSIVE;
				GCC_WARN_UNUSED_FUNCTION = YES;
				GCC_WARN_UNUSED_VARIABLE = YES;
				IPHONEOS_DEPLOYMENT_TARGET = 17.0;
				LOCALIZATION_PREFERS_STRING_CATALOGS = YES;
				MTL_ENABLE_DEBUG_INFO = INCLUDE_SOURCE;
				MTL_FAST_MATH = YES;
				ONLY_ACTIVE_ARCH = YES;
				SDKROOT = iphoneos;
				SWIFT_ACTIVE_COMPILATION_CONDITIONS = "DEBUG $(inherited)";
				SWIFT_OPTIMIZATION_LEVEL = "-Onone";
			};
			name = Debug;
		};
		8BDEF7DC2B31259E00843655 /* Release */ = {
			isa = XCBuildConfiguration;
			buildSettings = {
				ALWAYS_SEARCH_USER_PATHS = NO;
				ASSETCATALOG_COMPILER_GENERATE_SWIFT_ASSET_SYMBOL_EXTENSIONS = YES;
				CLANG_ANALYZER_NONNULL = YES;
				CLANG_ANALYZER_NUMBER_OBJECT_CONVERSION = YES_AGGRESSIVE;
				CLANG_CXX_LANGUAGE_STANDARD = "gnu++20";
				CLANG_ENABLE_MODULES = YES;
				CLANG_ENABLE_OBJC_ARC = YES;
				CLANG_ENABLE_OBJC_WEAK = YES;
				CLANG_WARN_BLOCK_CAPTURE_AUTORELEASING = YES;
				CLANG_WARN_BOOL_CONVERSION = YES;
				CLANG_WARN_COMMA = YES;
				CLANG_WARN_CONSTANT_CONVERSION = YES;
				CLANG_WARN_DEPRECATED_OBJC_IMPLEMENTATIONS = YES;
				CLANG_WARN_DIRECT_OBJC_ISA_USAGE = YES_ERROR;
				CLANG_WARN_DOCUMENTATION_COMMENTS = YES;
				CLANG_WARN_EMPTY_BODY = YES;
				CLANG_WARN_ENUM_CONVERSION = YES;
				CLANG_WARN_INFINITE_RECURSION = YES;
				CLANG_WARN_INT_CONVERSION = YES;
				CLANG_WARN_NON_LITERAL_NULL_CONVERSION = YES;
				CLANG_WARN_OBJC_IMPLICIT_RETAIN_SELF = YES;
				CLANG_WARN_OBJC_LITERAL_CONVERSION = YES;
				CLANG_WARN_OBJC_ROOT_CLASS = YES_ERROR;
				CLANG_WARN_QUOTED_INCLUDE_IN_FRAMEWORK_HEADER = YES;
				CLANG_WARN_RANGE_LOOP_ANALYSIS = YES;
				CLANG_WARN_STRICT_PROTOTYPES = YES;
				CLANG_WARN_SUSPICIOUS_MOVE = YES;
				CLANG_WARN_UNGUARDED_AVAILABILITY = YES_AGGRESSIVE;
				CLANG_WARN_UNREACHABLE_CODE = YES;
				CLANG_WARN__DUPLICATE_METHOD_MATCH = YES;
				COPY_PHASE_STRIP = NO;
				DEBUG_INFORMATION_FORMAT = "dwarf-with-dsym";
				ENABLE_NS_ASSERTIONS = NO;
				ENABLE_STRICT_OBJC_MSGSEND = YES;
				ENABLE_USER_SCRIPT_SANDBOXING = YES;
				GCC_C_LANGUAGE_STANDARD = gnu17;
				GCC_NO_COMMON_BLOCKS = YES;
				GCC_WARN_64_TO_32_BIT_CONVERSION = YES;
				GCC_WARN_ABOUT_RETURN_TYPE = YES_ERROR;
				GCC_WARN_UNDECLARED_SELECTOR = YES;
				GCC_WARN_UNINITIALIZED_AUTOS = YES_AGGRESSIVE;
				GCC_WARN_UNUSED_FUNCTION = YES;
				GCC_WARN_UNUSED_VARIABLE = YES;
				IPHONEOS_DEPLOYMENT_TARGET = 17.0;
				LOCALIZATION_PREFERS_STRING_CATALOGS = YES;
				MTL_ENABLE_DEBUG_INFO = NO;
				MTL_FAST_MATH = YES;
				SDKROOT = iphoneos;
				SWIFT_COMPILATION_MODE = wholemodule;
				VALIDATE_PRODUCT = YES;
			};
			name = Release;
		};
		8BDEF7DE2B31259E00843655 /* Debug */ = {
			isa = XCBuildConfiguration;
			buildSettings = {
				ASSETCATALOG_COMPILER_APPICON_NAME = AppIcon;
				ASSETCATALOG_COMPILER_GLOBAL_ACCENT_COLOR_NAME = AccentColor;
				CODE_SIGN_STYLE = Automatic;
				CURRENT_PROJECT_VERSION = 1;
				GENERATE_INFOPLIST_FILE = YES;
				INFOPLIST_FILE = SeSAC_SwiftConcurrency/Info.plist;
				INFOPLIST_KEY_UIApplicationSupportsIndirectInputEvents = YES;
				INFOPLIST_KEY_UILaunchStoryboardName = LaunchScreen;
				INFOPLIST_KEY_UIMainStoryboardFile = Main;
				INFOPLIST_KEY_UISupportedInterfaceOrientations_iPad = "UIInterfaceOrientationPortrait UIInterfaceOrientationPortraitUpsideDown UIInterfaceOrientationLandscapeLeft UIInterfaceOrientationLandscapeRight";
				INFOPLIST_KEY_UISupportedInterfaceOrientations_iPhone = "UIInterfaceOrientationPortrait UIInterfaceOrientationLandscapeLeft UIInterfaceOrientationLandscapeRight";
				LD_RUNPATH_SEARCH_PATHS = (
					"$(inherited)",
					"@executable_path/Frameworks",
				);
				MARKETING_VERSION = 1.0;
				PRODUCT_BUNDLE_IDENTIFIER = "com.SoomanHong.SeSAC-SwiftConcurrency";
				PRODUCT_NAME = "$(TARGET_NAME)";
				SWIFT_EMIT_LOC_STRINGS = YES;
				SWIFT_VERSION = 5.0;
				TARGETED_DEVICE_FAMILY = "1,2";
			};
			name = Debug;
		};
		8BDEF7DF2B31259E00843655 /* Release */ = {
			isa = XCBuildConfiguration;
			buildSettings = {
				ASSETCATALOG_COMPILER_APPICON_NAME = AppIcon;
				ASSETCATALOG_COMPILER_GLOBAL_ACCENT_COLOR_NAME = AccentColor;
				CODE_SIGN_STYLE = Automatic;
				CURRENT_PROJECT_VERSION = 1;
				GENERATE_INFOPLIST_FILE = YES;
				INFOPLIST_FILE = SeSAC_SwiftConcurrency/Info.plist;
				INFOPLIST_KEY_UIApplicationSupportsIndirectInputEvents = YES;
				INFOPLIST_KEY_UILaunchStoryboardName = LaunchScreen;
				INFOPLIST_KEY_UIMainStoryboardFile = Main;
				INFOPLIST_KEY_UISupportedInterfaceOrientations_iPad = "UIInterfaceOrientationPortrait UIInterfaceOrientationPortraitUpsideDown UIInterfaceOrientationLandscapeLeft UIInterfaceOrientationLandscapeRight";
				INFOPLIST_KEY_UISupportedInterfaceOrientations_iPhone = "UIInterfaceOrientationPortrait UIInterfaceOrientationLandscapeLeft UIInterfaceOrientationLandscapeRight";
				LD_RUNPATH_SEARCH_PATHS = (
					"$(inherited)",
					"@executable_path/Frameworks",
				);
				MARKETING_VERSION = 1.0;
				PRODUCT_BUNDLE_IDENTIFIER = "com.SoomanHong.SeSAC-SwiftConcurrency";
				PRODUCT_NAME = "$(TARGET_NAME)";
				SWIFT_EMIT_LOC_STRINGS = YES;
				SWIFT_VERSION = 5.0;
				TARGETED_DEVICE_FAMILY = "1,2";
			};
			name = Release;
		};
		8BDEF7E12B31259E00843655 /* Debug */ = {
			isa = XCBuildConfiguration;
			buildSettings = {
				ALWAYS_EMBED_SWIFT_STANDARD_LIBRARIES = YES;
				BUNDLE_LOADER = "$(TEST_HOST)";
				CODE_SIGN_STYLE = Automatic;
				CURRENT_PROJECT_VERSION = 1;
				GENERATE_INFOPLIST_FILE = YES;
				IPHONEOS_DEPLOYMENT_TARGET = 17.0;
				MARKETING_VERSION = 1.0;
				PRODUCT_BUNDLE_IDENTIFIER = "com.SoomanHong.SeSAC-SwiftConcurrencyTests";
				PRODUCT_NAME = "$(TARGET_NAME)";
				SWIFT_EMIT_LOC_STRINGS = NO;
				SWIFT_VERSION = 5.0;
				TARGETED_DEVICE_FAMILY = "1,2";
				TEST_HOST = "$(BUILT_PRODUCTS_DIR)/SeSAC_SwiftConcurrency.app/$(BUNDLE_EXECUTABLE_FOLDER_PATH)/SeSAC_SwiftConcurrency";
			};
			name = Debug;
		};
		8BDEF7E22B31259E00843655 /* Release */ = {
			isa = XCBuildConfiguration;
			buildSettings = {
				ALWAYS_EMBED_SWIFT_STANDARD_LIBRARIES = YES;
				BUNDLE_LOADER = "$(TEST_HOST)";
				CODE_SIGN_STYLE = Automatic;
				CURRENT_PROJECT_VERSION = 1;
				GENERATE_INFOPLIST_FILE = YES;
				IPHONEOS_DEPLOYMENT_TARGET = 17.0;
				MARKETING_VERSION = 1.0;
				PRODUCT_BUNDLE_IDENTIFIER = "com.SoomanHong.SeSAC-SwiftConcurrencyTests";
				PRODUCT_NAME = "$(TARGET_NAME)";
				SWIFT_EMIT_LOC_STRINGS = NO;
				SWIFT_VERSION = 5.0;
				TARGETED_DEVICE_FAMILY = "1,2";
				TEST_HOST = "$(BUILT_PRODUCTS_DIR)/SeSAC_SwiftConcurrency.app/$(BUNDLE_EXECUTABLE_FOLDER_PATH)/SeSAC_SwiftConcurrency";
			};
			name = Release;
		};
		8BDEF7E42B31259E00843655 /* Debug */ = {
			isa = XCBuildConfiguration;
			buildSettings = {
				ALWAYS_EMBED_SWIFT_STANDARD_LIBRARIES = YES;
				CODE_SIGN_STYLE = Automatic;
				CURRENT_PROJECT_VERSION = 1;
				GENERATE_INFOPLIST_FILE = YES;
				MARKETING_VERSION = 1.0;
				PRODUCT_BUNDLE_IDENTIFIER = "com.SoomanHong.SeSAC-SwiftConcurrencyUITests";
				PRODUCT_NAME = "$(TARGET_NAME)";
				SWIFT_EMIT_LOC_STRINGS = NO;
				SWIFT_VERSION = 5.0;
				TARGETED_DEVICE_FAMILY = "1,2";
				TEST_TARGET_NAME = SeSAC_SwiftConcurrency;
			};
			name = Debug;
		};
		8BDEF7E52B31259E00843655 /* Release */ = {
			isa = XCBuildConfiguration;
			buildSettings = {
				ALWAYS_EMBED_SWIFT_STANDARD_LIBRARIES = YES;
				CODE_SIGN_STYLE = Automatic;
				CURRENT_PROJECT_VERSION = 1;
				GENERATE_INFOPLIST_FILE = YES;
				MARKETING_VERSION = 1.0;
				PRODUCT_BUNDLE_IDENTIFIER = "com.SoomanHong.SeSAC-SwiftConcurrencyUITests";
				PRODUCT_NAME = "$(TARGET_NAME)";
				SWIFT_EMIT_LOC_STRINGS = NO;
				SWIFT_VERSION = 5.0;
				TARGETED_DEVICE_FAMILY = "1,2";
				TEST_TARGET_NAME = SeSAC_SwiftConcurrency;
			};
			name = Release;
		};
/* End XCBuildConfiguration section */

/* Begin XCConfigurationList section */
		8BDEF7AE2B31259D00843655 /* Build configuration list for PBXProject "SeSAC_SwiftConcurrency" */ = {
			isa = XCConfigurationList;
			buildConfigurations = (
				8BDEF7DB2B31259E00843655 /* Debug */,
				8BDEF7DC2B31259E00843655 /* Release */,
			);
			defaultConfigurationIsVisible = 0;
			defaultConfigurationName = Release;
		};
		8BDEF7DD2B31259E00843655 /* Build configuration list for PBXNativeTarget "SeSAC_SwiftConcurrency" */ = {
			isa = XCConfigurationList;
			buildConfigurations = (
				8BDEF7DE2B31259E00843655 /* Debug */,
				8BDEF7DF2B31259E00843655 /* Release */,
			);
			defaultConfigurationIsVisible = 0;
			defaultConfigurationName = Release;
		};
		8BDEF7E02B31259E00843655 /* Build configuration list for PBXNativeTarget "SeSAC_SwiftConcurrencyTests" */ = {
			isa = XCConfigurationList;
			buildConfigurations = (
				8BDEF7E12B31259E00843655 /* Debug */,
				8BDEF7E22B31259E00843655 /* Release */,
			);
			defaultConfigurationIsVisible = 0;
			defaultConfigurationName = Release;
		};
		8BDEF7E32B31259E00843655 /* Build configuration list for PBXNativeTarget "SeSAC_SwiftConcurrencyUITests" */ = {
			isa = XCConfigurationList;
			buildConfigurations = (
				8BDEF7E42B31259E00843655 /* Debug */,
				8BDEF7E52B31259E00843655 /* Release */,
			);
			defaultConfigurationIsVisible = 0;
			defaultConfigurationName = Release;
		};
/* End XCConfigurationList section */
	};
	rootObject = 8BDEF7AB2B31259D00843655 /* Project object */;
}
